// !$*UTF8*$!
{
	archiveVersion = 1;
	classes = {
	};
	objectVersion = 48;
	objects = {

/* Begin PBXBuildFile section */
		B0845EE7200A5A7B00B36CDE /* AppDelegate.swift in Sources */ = {isa = PBXBuildFile; fileRef = B0845EE6200A5A7B00B36CDE /* AppDelegate.swift */; };
		B0845EE9200A5A7B00B36CDE /* TasksViewController.swift in Sources */ = {isa = PBXBuildFile; fileRef = B0845EE8200A5A7B00B36CDE /* TasksViewController.swift */; };
		B0845EEC200A5A7B00B36CDE /* Main.storyboard in Resources */ = {isa = PBXBuildFile; fileRef = B0845EEA200A5A7B00B36CDE /* Main.storyboard */; };
		B0845EEF200A5A7B00B36CDE /* DO_IT.xcdatamodeld in Sources */ = {isa = PBXBuildFile; fileRef = B0845EED200A5A7B00B36CDE /* DO_IT.xcdatamodeld */; };
		B0845EF1200A5A7B00B36CDE /* Assets.xcassets in Resources */ = {isa = PBXBuildFile; fileRef = B0845EF0200A5A7B00B36CDE /* Assets.xcassets */; };
		B0845EF4200A5A7B00B36CDE /* LaunchScreen.storyboard in Resources */ = {isa = PBXBuildFile; fileRef = B0845EF2200A5A7B00B36CDE /* LaunchScreen.storyboard */; };
		B0845EFE200AA09700B36CDE /* CreateTaskViewController.swift in Sources */ = {isa = PBXBuildFile; fileRef = B0845EFD200AA09700B36CDE /* CreateTaskViewController.swift */; };
		B0845F00200AF73E00B36CDE /* CompleteTaskViewController.swift in Sources */ = {isa = PBXBuildFile; fileRef = B0845EFF200AF73E00B36CDE /* CompleteTaskViewController.swift */; };
/* End PBXBuildFile section */

/* Begin PBXFileReference section */
		B0845EE3200A5A7B00B36CDE /* DO-IT.app */ = {isa = PBXFileReference; explicitFileType = wrapper.application; includeInIndex = 0; path = "DO-IT.app"; sourceTree = BUILT_PRODUCTS_DIR; };
		B0845EE6200A5A7B00B36CDE /* AppDelegate.swift */ = {isa = PBXFileReference; lastKnownFileType = sourcecode.swift; path = AppDelegate.swift; sourceTree = "<group>"; };
		B0845EE8200A5A7B00B36CDE /* TasksViewController.swift */ = {isa = PBXFileReference; lastKnownFileType = sourcecode.swift; path = TasksViewController.swift; sourceTree = "<group>"; };
		B0845EEB200A5A7B00B36CDE /* Base */ = {isa = PBXFileReference; lastKnownFileType = file.storyboard; name = Base; path = Base.lproj/Main.storyboard; sourceTree = "<group>"; };
		B0845EEE200A5A7B00B36CDE /* DO_IT.xcdatamodel */ = {isa = PBXFileReference; lastKnownFileType = wrapper.xcdatamodel; path = DO_IT.xcdatamodel; sourceTree = "<group>"; };
		B0845EF0200A5A7B00B36CDE /* Assets.xcassets */ = {isa = PBXFileReference; lastKnownFileType = folder.assetcatalog; path = Assets.xcassets; sourceTree = "<group>"; };
		B0845EF3200A5A7B00B36CDE /* Base */ = {isa = PBXFileReference; lastKnownFileType = file.storyboard; name = Base; path = Base.lproj/LaunchScreen.storyboard; sourceTree = "<group>"; };
		B0845EF5200A5A7B00B36CDE /* Info.plist */ = {isa = PBXFileReference; lastKnownFileType = text.plist.xml; path = Info.plist; sourceTree = "<group>"; };
		B0845EFD200AA09700B36CDE /* CreateTaskViewController.swift */ = {isa = PBXFileReference; lastKnownFileType = sourcecode.swift; path = CreateTaskViewController.swift; sourceTree = "<group>"; };
		B0845EFF200AF73E00B36CDE /* CompleteTaskViewController.swift */ = {isa = PBXFileReference; lastKnownFileType = sourcecode.swift; path = CompleteTaskViewController.swift; sourceTree = "<group>"; };
/* End PBXFileReference section */

/* Begin PBXFrameworksBuildPhase section */
		B0845EE0200A5A7B00B36CDE /* Frameworks */ = {
			isa = PBXFrameworksBuildPhase;
			buildActionMask = 2147483647;
			files = (
			);
			runOnlyForDeploymentPostprocessing = 0;
		};
/* End PBXFrameworksBuildPhase section */

/* Begin PBXGroup section */
		B0845EDA200A5A7B00B36CDE = {
			isa = PBXGroup;
			children = (
				B0845EE5200A5A7B00B36CDE /* DO-IT */,
				B0845EE4200A5A7B00B36CDE /* Products */,
			);
			sourceTree = "<group>";
		};
		B0845EE4200A5A7B00B36CDE /* Products */ = {
			isa = PBXGroup;
			children = (
				B0845EE3200A5A7B00B36CDE /* DO-IT.app */,
			);
			name = Products;
			sourceTree = "<group>";
		};
		B0845EE5200A5A7B00B36CDE /* DO-IT */ = {
			isa = PBXGroup;
			children = (
				B0845EE6200A5A7B00B36CDE /* AppDelegate.swift */,
				B0845EE8200A5A7B00B36CDE /* TasksViewController.swift */,
				B0845EFF200AF73E00B36CDE /* CompleteTaskViewController.swift */,
				B0845EFD200AA09700B36CDE /* CreateTaskViewController.swift */,
				B0845EEA200A5A7B00B36CDE /* Main.storyboard */,
				B0845EF0200A5A7B00B36CDE /* Assets.xcassets */,
				B0845EF2200A5A7B00B36CDE /* LaunchScreen.storyboard */,
				B0845EF5200A5A7B00B36CDE /* Info.plist */,
				B0845EED200A5A7B00B36CDE /* DO_IT.xcdatamodeld */,
			);
			path = "DO-IT";
			sourceTree = "<group>";
		};
/* End PBXGroup section */

/* Begin PBXNativeTarget section */
		B0845EE2200A5A7B00B36CDE /* DO-IT */ = {
			isa = PBXNativeTarget;
			buildConfigurationList = B0845EF8200A5A7B00B36CDE /* Build configuration list for PBXNativeTarget "DO-IT" */;
			buildPhases = (
				B0845EDF200A5A7B00B36CDE /* Sources */,
				B0845EE0200A5A7B00B36CDE /* Frameworks */,
				B0845EE1200A5A7B00B36CDE /* Resources */,
			);
			buildRules = (
			);
			dependencies = (
			);
			name = "DO-IT";
			productName = "DO-IT";
			productReference = B0845EE3200A5A7B00B36CDE /* DO-IT.app */;
			productType = "com.apple.product-type.application";
		};
/* End PBXNativeTarget section */

/* Begin PBXProject section */
		B0845EDB200A5A7B00B36CDE /* Project object */ = {
			isa = PBXProject;
			attributes = {
				LastSwiftUpdateCheck = 0920;
				LastUpgradeCheck = 0920;
				ORGANIZATIONNAME = "njntrublJoe Momma";
				TargetAttributes = {
					B0845EE2200A5A7B00B36CDE = {
						CreatedOnToolsVersion = 9.2;
						ProvisioningStyle = Automatic;
					};
				};
			};
			buildConfigurationList = B0845EDE200A5A7B00B36CDE /* Build configuration list for PBXProject "DO-IT" */;
			compatibilityVersion = "Xcode 8.0";
			developmentRegion = en;
			hasScannedForEncodings = 0;
			knownRegions = (
				en,
				Base,
			);
			mainGroup = B0845EDA200A5A7B00B36CDE;
			productRefGroup = B0845EE4200A5A7B00B36CDE /* Products */;
			projectDirPath = "";
			projectRoot = "";
			targets = (
				B0845EE2200A5A7B00B36CDE /* DO-IT */,
			);
		};
/* End PBXProject section */

/* Begin PBXResourcesBuildPhase section */
		B0845EE1200A5A7B00B36CDE /* Resources */ = {
			isa = PBXResourcesBuildPhase;
			buildActionMask = 2147483647;
			files = (
				B0845EF4200A5A7B00B36CDE /* LaunchScreen.storyboard in Resources */,
				B0845EF1200A5A7B00B36CDE /* Assets.xcassets in Resources */,
				B0845EEC200A5A7B00B36CDE /* Main.storyboard in Resources */,
			);
			runOnlyForDeploymentPostprocessing = 0;
		};
/* End PBXResourcesBuildPhase section */

/* Begin PBXSourcesBuildPhase section */
		B0845EDF200A5A7B00B36CDE /* Sources */ = {
			isa = PBXSourcesBuildPhase;
			buildActionMask = 2147483647;
			files = (
				B0845EE9200A5A7B00B36CDE /* TasksViewController.swift in Sources */,
				B0845F00200AF73E00B36CDE /* CompleteTaskViewController.swift in Sources */,
				B0845EE7200A5A7B00B36CDE /* AppDelegate.swift in Sources */,
				B0845EEF200A5A7B00B36CDE /* DO_IT.xcdatamodeld in Sources */,
				B0845EFE200AA09700B36CDE /* CreateTaskViewController.swift in Sources */,
			);
			runOnlyForDeploymentPostprocessing = 0;
		};
/* End PBXSourcesBuildPhase section */

/* Begin PBXVariantGroup section */
		B0845EEA200A5A7B00B36CDE /* Main.storyboard */ = {
			isa = PBXVariantGroup;
			children = (
				B0845EEB200A5A7B00B36CDE /* Base */,
			);
			name = Main.storyboard;
			sourceTree = "<group>";
		};
		B0845EF2200A5A7B00B36CDE /* LaunchScreen.storyboard */ = {
			isa = PBXVariantGroup;
			children = (
				B0845EF3200A5A7B00B36CDE /* Base */,
			);
			name = LaunchScreen.storyboard;
			sourceTree = "<group>";
		};
/* End PBXVariantGroup section */

/* Begin XCBuildConfiguration section */
		B0845EF6200A5A7B00B36CDE /* Debug */ = {
			isa = XCBuildConfiguration;
			buildSettings = {
				ALWAYS_SEARCH_USER_PATHS = NO;
				CLANG_ANALYZER_NONNULL = YES;
				CLANG_ANALYZER_NUMBER_OBJECT_CONVERSION = YES_AGGRESSIVE;
				CLANG_CXX_LANGUAGE_STANDARD = "gnu++14";
				CLANG_CXX_LIBRARY = "libc++";
				CLANG_ENABLE_MODULES = YES;
				CLANG_ENABLE_OBJC_ARC = YES;
				CLANG_WARN_BLOCK_CAPTURE_AUTORELEASING = YES;
				CLANG_WARN_BOOL_CONVERSION = YES;
				CLANG_WARN_COMMA = YES;
				CLANG_WARN_CONSTANT_CONVERSION = YES;
				CLANG_WARN_DIRECT_OBJC_ISA_USAGE = YES_ERROR;
				CLANG_WARN_DOCUMENTATION_COMMENTS = YES;
				CLANG_WARN_EMPTY_BODY = YES;
				CLANG_WARN_ENUM_CONVERSION = YES;
				CLANG_WARN_INFINITE_RECURSION = YES;
				CLANG_WARN_INT_CONVERSION = YES;
				CLANG_WARN_NON_LITERAL_NULL_CONVERSION = YES;
				CLANG_WARN_OBJC_LITERAL_CONVERSION = YES;
				CLANG_WARN_OBJC_ROOT_CLASS = YES_ERROR;
				CLANG_WARN_RANGE_LOOP_ANALYSIS = YES;
				CLANG_WARN_STRICT_PROTOTYPES = YES;
				CLANG_WARN_SUSPICIOUS_MOVE = YES;
				CLANG_WARN_UNGUARDED_AVAILABILITY = YES_AGGRESSIVE;
				CLANG_WARN_UNREACHABLE_CODE = YES;
				CLANG_WARN__DUPLICATE_METHOD_MATCH = YES;
				CODE_SIGN_IDENTITY = "iPhone Developer";
				COPY_PHASE_STRIP = NO;
				DEBUG_INFORMATION_FORMAT = dwarf;
				ENABLE_STRICT_OBJC_MSGSEND = YES;
				ENABLE_TESTABILITY = YES;
				GCC_C_LANGUAGE_STANDARD = gnu11;
				GCC_DYNAMIC_NO_PIC = NO;
				GCC_NO_COMMON_BLOCKS = YES;
				GCC_OPTIMIZATION_LEVEL = 0;
				GCC_PREPROCESSOR_DEFINITIONS = (
					"DEBUG=1",
					"$(inherited)",
				);
				GCC_WARN_64_TO_32_BIT_CONVERSION = YES;
				GCC_WARN_ABOUT_RETURN_TYPE = YES_ERROR;
				GCC_WARN_UNDECLARED_SELECTOR = YES;
				GCC_WARN_UNINITIALIZED_AUTOS = YES_AGGRESSIVE;
				GCC_WARN_UNUSED_FUNCTION = YES;
				GCC_WARN_UNUSED_VARIABLE = YES;
				IPHONEOS_DEPLOYMENT_TARGET = 11.2;
				MTL_ENABLE_DEBUG_INFO = YES;
				ONLY_ACTIVE_ARCH = YES;
				SDKROOT = iphoneos;
				SWIFT_ACTIVE_COMPILATION_CONDITIONS = DEBUG;
				SWIFT_OPTIMIZATION_LEVEL = "-Onone";
			};
			name = Debug;
		};
		B0845EF7200A5A7B00B36CDE /* Release */ = {
			isa = XCBuildConfiguration;
			buildSettings = {
				ALWAYS_SEARCH_USER_PATHS = NO;
				CLANG_ANALYZER_NONNULL = YES;
				CLANG_ANALYZER_NUMBER_OBJECT_CONVERSION = YES_AGGRESSIVE;
				CLANG_CXX_LANGUAGE_STANDARD = "gnu++14";
				CLANG_CXX_LIBRARY = "libc++";
				CLANG_ENABLE_MODULES = YES;
				CLANG_ENABLE_OBJC_ARC = YES;
				CLANG_WARN_BLOCK_CAPTURE_AUTORELEASING = YES;
				CLANG_WARN_BOOL_CONVERSION = YES;
				CLANG_WARN_COMMA = YES;
				CLANG_WARN_CONSTANT_CONVERSION = YES;
				CLANG_WARN_DIRECT_OBJC_ISA_USAGE = YES_ERROR;
				CLANG_WARN_DOCUMENTATION_COMMENTS = YES;
				CLANG_WARN_EMPTY_BODY = YES;
				CLANG_WARN_ENUM_CONVERSION = YES;
				CLANG_WARN_INFINITE_RECURSION = YES;
				CLANG_WARN_INT_CONVERSION = YES;
				CLANG_WARN_NON_LITERAL_NULL_CONVERSION = YES;
				CLANG_WARN_OBJC_LITERAL_CONVERSION = YES;
				CLANG_WARN_OBJC_ROOT_CLASS = YES_ERROR;
				CLANG_WARN_RANGE_LOOP_ANALYSIS = YES;
				CLANG_WARN_STRICT_PROTOTYPES = YES;
				CLANG_WARN_SUSPICIOUS_MOVE = YES;
				CLANG_WARN_UNGUARDED_AVAILABILITY = YES_AGGRESSIVE;
				CLANG_WARN_UNREACHABLE_CODE = YES;
				CLANG_WARN__DUPLICATE_METHOD_MATCH = YES;
				CODE_SIGN_IDENTITY = "iPhone Developer";
				COPY_PHASE_STRIP = NO;
				DEBUG_INFORMATION_FORMAT = "dwarf-with-dsym";
				ENABLE_NS_ASSERTIONS = NO;
				ENABLE_STRICT_OBJC_MSGSEND = YES;
				GCC_C_LANGUAGE_STANDARD = gnu11;
				GCC_NO_COMMON_BLOCKS = YES;
				GCC_WARN_64_TO_32_BIT_CONVERSION = YES;
				GCC_WARN_ABOUT_RETURN_TYPE = YES_ERROR;
				GCC_WARN_UNDECLARED_SELECTOR = YES;
				GCC_WARN_UNINITIALIZED_AUTOS = YES_AGGRESSIVE;
				GCC_WARN_UNUSED_FUNCTION = YES;
				GCC_WARN_UNUSED_VARIABLE = YES;
				IPHONEOS_DEPLOYMENT_TARGET = 11.2;
				MTL_ENABLE_DEBUG_INFO = NO;
				SDKROOT = iphoneos;
				SWIFT_OPTIMIZATION_LEVEL = "-Owholemodule";
				VALIDATE_PRODUCT = YES;
			};
			name = Release;
		};
		B0845EF9200A5A7B00B36CDE /* Debug */ = {
			isa = XCBuildConfiguration;
			buildSettings = {
				ASSETCATALOG_COMPILER_APPICON_NAME = AppIcon;
				CODE_SIGN_STYLE = Automatic;
				INFOPLIST_FILE = "DO-IT/Info.plist";
				LD_RUNPATH_SEARCH_PATHS = "$(inherited) @executable_path/Frameworks";
				PRODUCT_BUNDLE_IDENTIFIER = "com.njntrubl.DO-IT";
				PRODUCT_NAME = "$(TARGET_NAME)";
				SWIFT_VERSION = 4.0;
				TARGETED_DEVICE_FAMILY = "1,2";
			};
			name = Debug;
		};
		B0845EFA200A5A7B00B36CDE /* Release */ = {
			isa = XCBuildConfiguration;
			buildSettings = {
				ASSETCATALOG_COMPILER_APPICON_NAME = AppIcon;
				CODE_SIGN_STYLE = Automatic;
				INFOPLIST_FILE = "DO-IT/Info.plist";
				LD_RUNPATH_SEARCH_PATHS = "$(inherited) @executable_path/Frameworks";
				PRODUCT_BUNDLE_IDENTIFIER = "com.njntrubl.DO-IT";
				PRODUCT_NAME = "$(TARGET_NAME)";
				SWIFT_VERSION = 4.0;
				TARGETED_DEVICE_FAMILY = "1,2";
			};
			name = Release;
		};
/* End XCBuildConfiguration section */

/* Begin XCConfigurationList section */
		B0845EDE200A5A7B00B36CDE /* Build configuration list for PBXProject "DO-IT" */ = {
			isa = XCConfigurationList;
			buildConfigurations = (
				B0845EF6200A5A7B00B36CDE /* Debug */,
				B0845EF7200A5A7B00B36CDE /* Release */,
			);
			defaultConfigurationIsVisible = 0;
			defaultConfigurationName = Release;
		};
		B0845EF8200A5A7B00B36CDE /* Build configuration list for PBXNativeTarget "DO-IT" */ = {
			isa = XCConfigurationList;
			buildConfigurations = (
				B0845EF9200A5A7B00B36CDE /* Debug */,
				B0845EFA200A5A7B00B36CDE /* Release */,
			);
			defaultConfigurationIsVisible = 0;
			defaultConfigurationName = Release;
		};
/* End XCConfigurationList section */

/* Begin XCVersionGroup section */
		B0845EED200A5A7B00B36CDE /* DO_IT.xcdatamodeld */ = {
			isa = XCVersionGroup;
			children = (
				B0845EEE200A5A7B00B36CDE /* DO_IT.xcdatamodel */,
			);
			currentVersion = B0845EEE200A5A7B00B36CDE /* DO_IT.xcdatamodel */;
			path = DO_IT.xcdatamodeld;
			sourceTree = "<group>";
			versionGroupType = wrapper.xcdatamodel;
		};
/* End XCVersionGroup section */
	};
	rootObject = B0845EDB200A5A7B00B36CDE /* Project object */;
}
